
Microsoft Visual Studio Solution File, Format Version 12.00
# Visual Studio Version 17
VisualStudioVersion = 17.3.32922.545
MinimumVisualStudioVersion = 10.0.40219.1
Project("{FAE04EC0-301F-11D3-BF4B-00C04F79EFBC}") = "Method overriding", "Method overriding\Method overriding.csproj", "{DC840BC3-A508-4A4E-8354-86EFABE0C0D3}"
EndProject
Global
	GlobalSection(SolutionConfigurationPlatforms) = preSolution
		Debug|Any CPU = Debug|Any CPU
		Release|Any CPU = Release|Any CPU
	EndGlobalSection
	GlobalSection(ProjectConfigurationPlatforms) = postSolution
		{DC840BC3-A508-4A4E-8354-86EFABE0C0D3}.Debug|Any CPU.ActiveCfg = Debug|Any CPU
		{DC840BC3-A508-4A4E-8354-86EFABE0C0D3}.Debug|Any CPU.Build.0 = Debug|Any CPU
		{DC840BC3-A508-4A4E-8354-86EFABE0C0D3}.Release|Any CPU.ActiveCfg = Release|Any CPU
		{DC840BC3-A508-4A4E-8354-86EFABE0C0D3}.Release|Any CPU.Build.0 = Release|Any CPU
	EndGlobalSection
	GlobalSection(SolutionProperties) = preSolution
		HideSolutionNode = FALSE
	EndGlobalSection
	GlobalSection(ExtensibilityGlobals) = postSolution
		SolutionGuid = {EB577D37-D493-42E2-9B4F-7EA77C3E67EB}
	EndGlobalSection
EndGlobal
